PODS:
  - Alamofire (5.10.2)
  - Kingfisher (8.1.4)
  - youtube-ios-player-helper (1.0.4)

DEPENDENCIES:
  - Alamofire
  - Kingfisher
  - youtube-ios-player-helper

SPEC REPOS:
  trunk:
    - Alamofire
    - Kingfisher
    - youtube-ios-player-helper

SPEC CHECKSUMS:
  Alamofire: 7193b3b92c74a07f85569e1a6c4f4237291e7496
  Kingfisher: a5cc3d8689cd40d7cb2edfa67a5ede0b53122813
  youtube-ios-player-helper: e9b97535e816db3152179d84d999bc1807ecd689

PODFILE CHECKSUM: 700961db0c828cde021af33e61582564069f8ca4

COCOAPODS: 1.15.2
