PODS:
  - Alamofire (5.10.2)
  - Kingfisher (8.1.4)

DEPENDENCIES:
  - Alamofire
  - Kingfisher

SPEC REPOS:
  trunk:
    - Alamofire
    - Kingfisher

SPEC CHECKSUMS:
  Alamofire: 7193b3b92c74a07f85569e1a6c4f4237291e7496
  Kingfisher: a5cc3d8689cd40d7cb2edfa67a5ede0b53122813

PODFILE CHECKSUM: 4b827b99f7cc7731b4f1bd2a545041b87692e73e

COCOAPODS: 1.15.2
