// !$*UTF8*$!
{
	archiveVersion = 1;
	classes = {
	};
	objectVersion = 63;
	objects = {

/* Begin PBXBuildFile section */
		0C365E60091E19F9C9E52000 /* Pods_apod_appTests.framework in Frameworks */ = {isa = PBXBuildFile; fileRef = EBED77F27381A7052C61F4E3 /* Pods_apod_appTests.framework */; };
		452D7F8D2D4C65C900584A75 /* FavoritesApodView.swift in Sources */ = {isa = PBXBuildFile; fileRef = 452D7F8C2D4C65C900584A75 /* FavoritesApodView.swift */; };
		452D7F8F2D4C660700584A75 /* FavoritesApodViewController.swift in Sources */ = {isa = PBXBuildFile; fileRef = 452D7F8E2D4C660700584A75 /* FavoritesApodViewController.swift */; };
		452D7F912D4C6A0200584A75 /* FavoritesApodTableViewCell.swift in Sources */ = {isa = PBXBuildFile; fileRef = 452D7F902D4C6A0200584A75 /* FavoritesApodTableViewCell.swift */; };
		452D7F932D4C839E00584A75 /* Apod.swift in Sources */ = {isa = PBXBuildFile; fileRef = 452D7F922D4C839E00584A75 /* Apod.swift */; };
		45B5002C2D4C915F00EE5939 /* Network.swift in Sources */ = {isa = PBXBuildFile; fileRef = 45B5002B2D4C915C00EE5939 /* Network.swift */; };
		45B5002E2D4C917700EE5939 /* NetworkBaseURL.swift in Sources */ = {isa = PBXBuildFile; fileRef = 45B5002D2D4C917600EE5939 /* NetworkBaseURL.swift */; };
		45B500302D4C91D200EE5939 /* NetworkDeserialization.swift in Sources */ = {isa = PBXBuildFile; fileRef = 45B5002F2D4C91D100EE5939 /* NetworkDeserialization.swift */; };
		45B500322D4C91E000EE5939 /* NetworkMethod.swift in Sources */ = {isa = PBXBuildFile; fileRef = 45B500312D4C91DF00EE5939 /* NetworkMethod.swift */; };
		45B500342D4C91F100EE5939 /* NetworkParameterEncoding.swift in Sources */ = {isa = PBXBuildFile; fileRef = 45B500332D4C91F000EE5939 /* NetworkParameterEncoding.swift */; };
		45B500362D4C91FE00EE5939 /* NetworkRequestConfigurator.swift in Sources */ = {isa = PBXBuildFile; fileRef = 45B500352D4C91FD00EE5939 /* NetworkRequestConfigurator.swift */; };
		45B500382D4C923B00EE5939 /* NetworkRequester.swift in Sources */ = {isa = PBXBuildFile; fileRef = 45B500372D4C923A00EE5939 /* NetworkRequester.swift */; };
		45B5003A2D4C925600EE5939 /* AlamofireNetworkRequest.swift in Sources */ = {isa = PBXBuildFile; fileRef = 45B500392D4C925500EE5939 /* AlamofireNetworkRequest.swift */; };
		45B5003C2D4C931700EE5939 /* ApodRequestConfiguration.swift in Sources */ = {isa = PBXBuildFile; fileRef = 45B5003B2D4C931000EE5939 /* ApodRequestConfiguration.swift */; };
		45B5003E2D4C954E00EE5939 /* ApodRepository.swift in Sources */ = {isa = PBXBuildFile; fileRef = 45B5003D2D4C954A00EE5939 /* ApodRepository.swift */; };
		45B500402D4C979A00EE5939 /* ApodInteractor.swift in Sources */ = {isa = PBXBuildFile; fileRef = 45B5003F2D4C979400EE5939 /* ApodInteractor.swift */; };
		45B500442D4C996B00EE5939 /* ApodPresenter.swift in Sources */ = {isa = PBXBuildFile; fileRef = 45B500432D4C996700EE5939 /* ApodPresenter.swift */; };
		45B500462D4C9B4100EE5939 /* String+ToDate.swift in Sources */ = {isa = PBXBuildFile; fileRef = 45B500452D4C9B3900EE5939 /* String+ToDate.swift */; };
		45B500492D4C9F4A00EE5939 /* ApodFactory.swift in Sources */ = {isa = PBXBuildFile; fileRef = 45B500482D4C9F4500EE5939 /* ApodFactory.swift */; };
		45B5004B2D4CA1BD00EE5939 /* ApodMediaView.swift in Sources */ = {isa = PBXBuildFile; fileRef = 45B5004A2D4CA1B900EE5939 /* ApodMediaView.swift */; };
		45B5004D2D4CAB0000EE5939 /* ApodMediaProgressView.swift in Sources */ = {isa = PBXBuildFile; fileRef = 45B5004C2D4CAAF300EE5939 /* ApodMediaProgressView.swift */; };
		45B5004F2D4D4A9E00EE5939 /* ApodButtonsView.swift in Sources */ = {isa = PBXBuildFile; fileRef = 45B5004E2D4D4A9E00EE5939 /* ApodButtonsView.swift */; };
		45B5005C2D4DD17F00EE5939 /* Date+ToString.swift in Sources */ = {isa = PBXBuildFile; fileRef = 45B5005B2D4DD17B00EE5939 /* Date+ToString.swift */; };
		45B5005F2D4DDED000EE5939 /* MainTabBarController.swift in Sources */ = {isa = PBXBuildFile; fileRef = 45B5005E2D4DDEC900EE5939 /* MainTabBarController.swift */; };
		45B500622D4DDFC400EE5939 /* FavoritesApodFactory.swift in Sources */ = {isa = PBXBuildFile; fileRef = 45B500612D4DDFBC00EE5939 /* FavoritesApodFactory.swift */; };
		45DB93722D4E067B00D2AED8 /* URL+YoutubeVideoID.swift in Sources */ = {isa = PBXBuildFile; fileRef = 45DB93712D4E066C00D2AED8 /* URL+YoutubeVideoID.swift */; };
		45DB93742D4E710400D2AED8 /* Date+IsEqual.swift in Sources */ = {isa = PBXBuildFile; fileRef = 45DB93732D4E70FA00D2AED8 /* Date+IsEqual.swift */; };
		45DB937A2D4EEE2700D2AED8 /* FavoriteApod.swift in Sources */ = {isa = PBXBuildFile; fileRef = 45DB93792D4EEE2700D2AED8 /* FavoriteApod.swift */; };
		45DB937E2D4EF00F00D2AED8 /* FavoritesApodRepository.swift in Sources */ = {isa = PBXBuildFile; fileRef = 45DB937D2D4EF00F00D2AED8 /* FavoritesApodRepository.swift */; };
		45DB93822D4F130800D2AED8 /* FavoritesApodInteractor.swift in Sources */ = {isa = PBXBuildFile; fileRef = 45DB93812D4F130800D2AED8 /* FavoritesApodInteractor.swift */; };
		45DB93842D4F13A500D2AED8 /* FavoritesApodPresenter.swift in Sources */ = {isa = PBXBuildFile; fileRef = 45DB93832D4F13A500D2AED8 /* FavoritesApodPresenter.swift */; };
		45DB93872D4F148C00D2AED8 /* FavoritesApodViewModel.swift in Sources */ = {isa = PBXBuildFile; fileRef = 45DB93862D4F148C00D2AED8 /* FavoritesApodViewModel.swift */; };
		45DB93892D4FD66100D2AED8 /* NotificationsNames.swift in Sources */ = {isa = PBXBuildFile; fileRef = 45DB93882D4FD66100D2AED8 /* NotificationsNames.swift */; };
		45DB938D2D4FFC2600D2AED8 /* Localizable.xcstrings in Resources */ = {isa = PBXBuildFile; fileRef = 45DB938C2D4FFC2600D2AED8 /* Localizable.xcstrings */; };
		45DB938F2D4FFF9D00D2AED8 /* Localizable.swift in Sources */ = {isa = PBXBuildFile; fileRef = 45DB938E2D4FFF9800D2AED8 /* Localizable.swift */; };
		45DB93942D50030600D2AED8 /* LoadingView.swift in Sources */ = {isa = PBXBuildFile; fileRef = 45DB93932D5002FF00D2AED8 /* LoadingView.swift */; };
		45DB93972D50166B00D2AED8 /* ErrorView.swift in Sources */ = {isa = PBXBuildFile; fileRef = 45DB93962D50166800D2AED8 /* ErrorView.swift */; };
		45DB93992D50186300D2AED8 /* ErrorViewViewModel.swift in Sources */ = {isa = PBXBuildFile; fileRef = 45DB93982D50185F00D2AED8 /* ErrorViewViewModel.swift */; };
		45DB939C2D5019BC00D2AED8 /* ErrorViewFactory.swift in Sources */ = {isa = PBXBuildFile; fileRef = 45DB939B2D5019B600D2AED8 /* ErrorViewFactory.swift */; };
		45F27D642D4BF2D50045747A /* Assets.xcassets in Resources */ = {isa = PBXBuildFile; fileRef = 45F27D5D2D4BF2D50045747A /* Assets.xcassets */; };
		45F27D662D4BF2D50045747A /* LaunchScreen.storyboard in Resources */ = {isa = PBXBuildFile; fileRef = 45F27D602D4BF2D50045747A /* LaunchScreen.storyboard */; };
		45F27D672D4BF2D50045747A /* AppDelegate.swift in Sources */ = {isa = PBXBuildFile; fileRef = 45F27D5C2D4BF2D50045747A /* AppDelegate.swift */; };
		45F27D682D4BF2D50045747A /* SceneDelegate.swift in Sources */ = {isa = PBXBuildFile; fileRef = 45F27D612D4BF2D50045747A /* SceneDelegate.swift */; };
		45F27D692D4BF2D50045747A /* ApodViewController.swift in Sources */ = {isa = PBXBuildFile; fileRef = 45F27D622D4BF2D50045747A /* ApodViewController.swift */; };
		45F27D6C2D4BF2DB0045747A /* apod_appTests.swift in Sources */ = {isa = PBXBuildFile; fileRef = 45F27D6A2D4BF2DB0045747A /* apod_appTests.swift */; };
		45F27D702D4BF2DE0045747A /* apod_appUITests.swift in Sources */ = {isa = PBXBuildFile; fileRef = 45F27D6D2D4BF2DE0045747A /* apod_appUITests.swift */; };
		45F27D712D4BF2DE0045747A /* apod_appUITestsLaunchTests.swift in Sources */ = {isa = PBXBuildFile; fileRef = 45F27D6E2D4BF2DE0045747A /* apod_appUITestsLaunchTests.swift */; };
		45F27D7F2D4BF5250045747A /* ApodView.swift in Sources */ = {isa = PBXBuildFile; fileRef = 45F27D7E2D4BF5250045747A /* ApodView.swift */; };
		45F27D812D4BFBB80045747A /* ApodViewModel.swift in Sources */ = {isa = PBXBuildFile; fileRef = 45F27D802D4BFBB80045747A /* ApodViewModel.swift */; };
		45F27D842D4C10F00045747A /* UIFonts.swift in Sources */ = {isa = PBXBuildFile; fileRef = 45F27D832D4C10F00045747A /* UIFonts.swift */; };
		45F27D8D2D4C281A0045747A /* FuturaCyrillicLight.ttf in Resources */ = {isa = PBXBuildFile; fileRef = 45F27D8B2D4C281A0045747A /* FuturaCyrillicLight.ttf */; };
		45F27D902D4C281A0045747A /* FuturaCyrillicMedium.ttf in Resources */ = {isa = PBXBuildFile; fileRef = 45F27D8C2D4C281A0045747A /* FuturaCyrillicMedium.ttf */; };
		45F27D912D4C281A0045747A /* FuturaCyrillicBold.ttf in Resources */ = {isa = PBXBuildFile; fileRef = 45F27D862D4C281A0045747A /* FuturaCyrillicBold.ttf */; };
		45F27D992D4C28A30045747A /* Roboto-Bold.ttf in Resources */ = {isa = PBXBuildFile; fileRef = 45F27D962D4C28A30045747A /* Roboto-Bold.ttf */; };
		45F27D9A2D4C28A30045747A /* Roboto-Light.ttf in Resources */ = {isa = PBXBuildFile; fileRef = 45F27D972D4C28A30045747A /* Roboto-Light.ttf */; };
		45F27D9B2D4C28A30045747A /* Roboto-Medium.ttf in Resources */ = {isa = PBXBuildFile; fileRef = 45F27D982D4C28A30045747A /* Roboto-Medium.ttf */; };
		6D0675FD878F2BAD7D416FC4 /* Pods_apod_app.framework in Frameworks */ = {isa = PBXBuildFile; fileRef = A3B4541A15DEE19A72205F29 /* Pods_apod_app.framework */; };
		7FAA2050C6879FB2E97268E7 /* Pods_apod_app_apod_appUITests.framework in Frameworks */ = {isa = PBXBuildFile; fileRef = AAD26BC79A82F026FEAEE271 /* Pods_apod_app_apod_appUITests.framework */; };
/* End PBXBuildFile section */

/* Begin PBXContainerItemProxy section */
		45F27D032D4BB5240045747A /* PBXContainerItemProxy */ = {
			isa = PBXContainerItemProxy;
			containerPortal = 45F27CE42D4BB5220045747A /* Project object */;
			proxyType = 1;
			remoteGlobalIDString = 45F27CEB2D4BB5220045747A;
			remoteInfo = "apod-app";
		};
		45F27D0D2D4BB5240045747A /* PBXContainerItemProxy */ = {
			isa = PBXContainerItemProxy;
			containerPortal = 45F27CE42D4BB5220045747A /* Project object */;
			proxyType = 1;
			remoteGlobalIDString = 45F27CEB2D4BB5220045747A;
			remoteInfo = "apod-app";
		};
/* End PBXContainerItemProxy section */

/* Begin PBXFileReference section */
		307C716F8561A2A54F7AFF0D /* Pods-apod-appTests.release.xcconfig */ = {isa = PBXFileReference; includeInIndex = 1; lastKnownFileType = text.xcconfig; name = "Pods-apod-appTests.release.xcconfig"; path = "Target Support Files/Pods-apod-appTests/Pods-apod-appTests.release.xcconfig"; sourceTree = "<group>"; };
		35388D33844A0D39C51B2713 /* Pods-apod-app.release.xcconfig */ = {isa = PBXFileReference; includeInIndex = 1; lastKnownFileType = text.xcconfig; name = "Pods-apod-app.release.xcconfig"; path = "Target Support Files/Pods-apod-app/Pods-apod-app.release.xcconfig"; sourceTree = "<group>"; };
		452D7F8C2D4C65C900584A75 /* FavoritesApodView.swift */ = {isa = PBXFileReference; lastKnownFileType = sourcecode.swift; path = FavoritesApodView.swift; sourceTree = "<group>"; };
		452D7F8E2D4C660700584A75 /* FavoritesApodViewController.swift */ = {isa = PBXFileReference; lastKnownFileType = sourcecode.swift; path = FavoritesApodViewController.swift; sourceTree = "<group>"; };
		452D7F902D4C6A0200584A75 /* FavoritesApodTableViewCell.swift */ = {isa = PBXFileReference; lastKnownFileType = sourcecode.swift; path = FavoritesApodTableViewCell.swift; sourceTree = "<group>"; };
		452D7F922D4C839E00584A75 /* Apod.swift */ = {isa = PBXFileReference; lastKnownFileType = sourcecode.swift; path = Apod.swift; sourceTree = "<group>"; };
		4562E7F02D4C849B00E1731D /* Alamofire.framework */ = {isa = PBXFileReference; explicitFileType = wrapper.framework; path = Alamofire.framework; sourceTree = BUILT_PRODUCTS_DIR; };
		4562E7F42D4C84A300E1731D /* Kingfisher.framework */ = {isa = PBXFileReference; explicitFileType = wrapper.framework; path = Kingfisher.framework; sourceTree = BUILT_PRODUCTS_DIR; };
		45B5002B2D4C915C00EE5939 /* Network.swift */ = {isa = PBXFileReference; lastKnownFileType = sourcecode.swift; path = Network.swift; sourceTree = "<group>"; };
		45B5002D2D4C917600EE5939 /* NetworkBaseURL.swift */ = {isa = PBXFileReference; lastKnownFileType = sourcecode.swift; path = NetworkBaseURL.swift; sourceTree = "<group>"; };
		45B5002F2D4C91D100EE5939 /* NetworkDeserialization.swift */ = {isa = PBXFileReference; lastKnownFileType = sourcecode.swift; path = NetworkDeserialization.swift; sourceTree = "<group>"; };
		45B500312D4C91DF00EE5939 /* NetworkMethod.swift */ = {isa = PBXFileReference; lastKnownFileType = sourcecode.swift; path = NetworkMethod.swift; sourceTree = "<group>"; };
		45B500332D4C91F000EE5939 /* NetworkParameterEncoding.swift */ = {isa = PBXFileReference; lastKnownFileType = sourcecode.swift; path = NetworkParameterEncoding.swift; sourceTree = "<group>"; };
		45B500352D4C91FD00EE5939 /* NetworkRequestConfigurator.swift */ = {isa = PBXFileReference; lastKnownFileType = sourcecode.swift; path = NetworkRequestConfigurator.swift; sourceTree = "<group>"; };
		45B500372D4C923A00EE5939 /* NetworkRequester.swift */ = {isa = PBXFileReference; lastKnownFileType = sourcecode.swift; path = NetworkRequester.swift; sourceTree = "<group>"; };
		45B500392D4C925500EE5939 /* AlamofireNetworkRequest.swift */ = {isa = PBXFileReference; lastKnownFileType = sourcecode.swift; path = AlamofireNetworkRequest.swift; sourceTree = "<group>"; };
		45B5003B2D4C931000EE5939 /* ApodRequestConfiguration.swift */ = {isa = PBXFileReference; lastKnownFileType = sourcecode.swift; path = ApodRequestConfiguration.swift; sourceTree = "<group>"; };
		45B5003D2D4C954A00EE5939 /* ApodRepository.swift */ = {isa = PBXFileReference; lastKnownFileType = sourcecode.swift; path = ApodRepository.swift; sourceTree = "<group>"; };
		45B5003F2D4C979400EE5939 /* ApodInteractor.swift */ = {isa = PBXFileReference; lastKnownFileType = sourcecode.swift; path = ApodInteractor.swift; sourceTree = "<group>"; };
		45B500432D4C996700EE5939 /* ApodPresenter.swift */ = {isa = PBXFileReference; lastKnownFileType = sourcecode.swift; path = ApodPresenter.swift; sourceTree = "<group>"; };
		45B500452D4C9B3900EE5939 /* String+ToDate.swift */ = {isa = PBXFileReference; lastKnownFileType = sourcecode.swift; path = "String+ToDate.swift"; sourceTree = "<group>"; };
		45B500482D4C9F4500EE5939 /* ApodFactory.swift */ = {isa = PBXFileReference; lastKnownFileType = sourcecode.swift; path = ApodFactory.swift; sourceTree = "<group>"; };
		45B5004A2D4CA1B900EE5939 /* ApodMediaView.swift */ = {isa = PBXFileReference; lastKnownFileType = sourcecode.swift; path = ApodMediaView.swift; sourceTree = "<group>"; };
		45B5004C2D4CAAF300EE5939 /* ApodMediaProgressView.swift */ = {isa = PBXFileReference; lastKnownFileType = sourcecode.swift; path = ApodMediaProgressView.swift; sourceTree = "<group>"; };
		45B5004E2D4D4A9E00EE5939 /* ApodButtonsView.swift */ = {isa = PBXFileReference; lastKnownFileType = sourcecode.swift; path = ApodButtonsView.swift; sourceTree = "<group>"; };
		45B5005B2D4DD17B00EE5939 /* Date+ToString.swift */ = {isa = PBXFileReference; lastKnownFileType = sourcecode.swift; path = "Date+ToString.swift"; sourceTree = "<group>"; };
		45B5005E2D4DDEC900EE5939 /* MainTabBarController.swift */ = {isa = PBXFileReference; lastKnownFileType = sourcecode.swift; path = MainTabBarController.swift; sourceTree = "<group>"; };
		45B500612D4DDFBC00EE5939 /* FavoritesApodFactory.swift */ = {isa = PBXFileReference; lastKnownFileType = sourcecode.swift; path = FavoritesApodFactory.swift; sourceTree = "<group>"; };
		45DB93712D4E066C00D2AED8 /* URL+YoutubeVideoID.swift */ = {isa = PBXFileReference; lastKnownFileType = sourcecode.swift; path = "URL+YoutubeVideoID.swift"; sourceTree = "<group>"; };
		45DB93732D4E70FA00D2AED8 /* Date+IsEqual.swift */ = {isa = PBXFileReference; lastKnownFileType = sourcecode.swift; path = "Date+IsEqual.swift"; sourceTree = "<group>"; };
		45DB93792D4EEE2700D2AED8 /* FavoriteApod.swift */ = {isa = PBXFileReference; lastKnownFileType = sourcecode.swift; path = FavoriteApod.swift; sourceTree = "<group>"; };
		45DB937D2D4EF00F00D2AED8 /* FavoritesApodRepository.swift */ = {isa = PBXFileReference; lastKnownFileType = sourcecode.swift; path = FavoritesApodRepository.swift; sourceTree = "<group>"; };
		45DB93812D4F130800D2AED8 /* FavoritesApodInteractor.swift */ = {isa = PBXFileReference; lastKnownFileType = sourcecode.swift; path = FavoritesApodInteractor.swift; sourceTree = "<group>"; };
		45DB93832D4F13A500D2AED8 /* FavoritesApodPresenter.swift */ = {isa = PBXFileReference; lastKnownFileType = sourcecode.swift; path = FavoritesApodPresenter.swift; sourceTree = "<group>"; };
		45DB93862D4F148C00D2AED8 /* FavoritesApodViewModel.swift */ = {isa = PBXFileReference; lastKnownFileType = sourcecode.swift; path = FavoritesApodViewModel.swift; sourceTree = "<group>"; };
		45DB93882D4FD66100D2AED8 /* NotificationsNames.swift */ = {isa = PBXFileReference; lastKnownFileType = sourcecode.swift; path = NotificationsNames.swift; sourceTree = "<group>"; };
		45DB938C2D4FFC2600D2AED8 /* Localizable.xcstrings */ = {isa = PBXFileReference; lastKnownFileType = text.json.xcstrings; path = Localizable.xcstrings; sourceTree = "<group>"; };
		45DB938E2D4FFF9800D2AED8 /* Localizable.swift */ = {isa = PBXFileReference; lastKnownFileType = sourcecode.swift; path = Localizable.swift; sourceTree = "<group>"; };
		45DB93932D5002FF00D2AED8 /* LoadingView.swift */ = {isa = PBXFileReference; lastKnownFileType = sourcecode.swift; path = LoadingView.swift; sourceTree = "<group>"; };
		45DB93962D50166800D2AED8 /* ErrorView.swift */ = {isa = PBXFileReference; lastKnownFileType = sourcecode.swift; path = ErrorView.swift; sourceTree = "<group>"; };
		45DB93982D50185F00D2AED8 /* ErrorViewViewModel.swift */ = {isa = PBXFileReference; lastKnownFileType = sourcecode.swift; path = ErrorViewViewModel.swift; sourceTree = "<group>"; };
		45DB939B2D5019B600D2AED8 /* ErrorViewFactory.swift */ = {isa = PBXFileReference; lastKnownFileType = sourcecode.swift; path = ErrorViewFactory.swift; sourceTree = "<group>"; };
		45F27CEC2D4BB5220045747A /* apod-app.app */ = {isa = PBXFileReference; explicitFileType = wrapper.application; includeInIndex = 0; path = "apod-app.app"; sourceTree = BUILT_PRODUCTS_DIR; };
		45F27D022D4BB5240045747A /* apod-appTests.xctest */ = {isa = PBXFileReference; explicitFileType = wrapper.cfbundle; includeInIndex = 0; path = "apod-appTests.xctest"; sourceTree = BUILT_PRODUCTS_DIR; };
		45F27D0C2D4BB5240045747A /* apod-appUITests.xctest */ = {isa = PBXFileReference; explicitFileType = wrapper.cfbundle; includeInIndex = 0; path = "apod-appUITests.xctest"; sourceTree = BUILT_PRODUCTS_DIR; };
		45F27D5C2D4BF2D50045747A /* AppDelegate.swift */ = {isa = PBXFileReference; lastKnownFileType = sourcecode.swift; path = AppDelegate.swift; sourceTree = "<group>"; };
		45F27D5D2D4BF2D50045747A /* Assets.xcassets */ = {isa = PBXFileReference; lastKnownFileType = folder.assetcatalog; path = Assets.xcassets; sourceTree = "<group>"; };
		45F27D5E2D4BF2D50045747A /* Info.plist */ = {isa = PBXFileReference; lastKnownFileType = text.plist.xml; path = Info.plist; sourceTree = "<group>"; };
		45F27D5F2D4BF2D50045747A /* Base */ = {isa = PBXFileReference; lastKnownFileType = file.storyboard; name = Base; path = Base.lproj/LaunchScreen.storyboard; sourceTree = "<group>"; };
		45F27D612D4BF2D50045747A /* SceneDelegate.swift */ = {isa = PBXFileReference; lastKnownFileType = sourcecode.swift; path = SceneDelegate.swift; sourceTree = "<group>"; };
		45F27D622D4BF2D50045747A /* ApodViewController.swift */ = {isa = PBXFileReference; lastKnownFileType = sourcecode.swift; path = ApodViewController.swift; sourceTree = "<group>"; };
		45F27D6A2D4BF2DB0045747A /* apod_appTests.swift */ = {isa = PBXFileReference; lastKnownFileType = sourcecode.swift; path = apod_appTests.swift; sourceTree = "<group>"; };
		45F27D6D2D4BF2DE0045747A /* apod_appUITests.swift */ = {isa = PBXFileReference; lastKnownFileType = sourcecode.swift; path = apod_appUITests.swift; sourceTree = "<group>"; };
		45F27D6E2D4BF2DE0045747A /* apod_appUITestsLaunchTests.swift */ = {isa = PBXFileReference; lastKnownFileType = sourcecode.swift; path = apod_appUITestsLaunchTests.swift; sourceTree = "<group>"; };
		45F27D7E2D4BF5250045747A /* ApodView.swift */ = {isa = PBXFileReference; lastKnownFileType = sourcecode.swift; path = ApodView.swift; sourceTree = "<group>"; };
		45F27D802D4BFBB80045747A /* ApodViewModel.swift */ = {isa = PBXFileReference; lastKnownFileType = sourcecode.swift; path = ApodViewModel.swift; sourceTree = "<group>"; };
		45F27D832D4C10F00045747A /* UIFonts.swift */ = {isa = PBXFileReference; lastKnownFileType = sourcecode.swift; path = UIFonts.swift; sourceTree = "<group>"; };
		45F27D862D4C281A0045747A /* FuturaCyrillicBold.ttf */ = {isa = PBXFileReference; lastKnownFileType = file; path = FuturaCyrillicBold.ttf; sourceTree = "<group>"; };
		45F27D8B2D4C281A0045747A /* FuturaCyrillicLight.ttf */ = {isa = PBXFileReference; lastKnownFileType = file; path = FuturaCyrillicLight.ttf; sourceTree = "<group>"; };
		45F27D8C2D4C281A0045747A /* FuturaCyrillicMedium.ttf */ = {isa = PBXFileReference; lastKnownFileType = file; path = FuturaCyrillicMedium.ttf; sourceTree = "<group>"; };
		45F27D962D4C28A30045747A /* Roboto-Bold.ttf */ = {isa = PBXFileReference; lastKnownFileType = file; path = "Roboto-Bold.ttf"; sourceTree = "<group>"; };
		45F27D972D4C28A30045747A /* Roboto-Light.ttf */ = {isa = PBXFileReference; lastKnownFileType = file; path = "Roboto-Light.ttf"; sourceTree = "<group>"; };
		45F27D982D4C28A30045747A /* Roboto-Medium.ttf */ = {isa = PBXFileReference; lastKnownFileType = file; path = "Roboto-Medium.ttf"; sourceTree = "<group>"; };
		48B4053A009636FAC89CCCD4 /* Pods-apod-app-apod-appUITests.release.xcconfig */ = {isa = PBXFileReference; includeInIndex = 1; lastKnownFileType = text.xcconfig; name = "Pods-apod-app-apod-appUITests.release.xcconfig"; path = "Target Support Files/Pods-apod-app-apod-appUITests/Pods-apod-app-apod-appUITests.release.xcconfig"; sourceTree = "<group>"; };
		6B43E6ECD73A60EC8A1ADC09 /* Pods-apod-app-apod-appUITests.debug.xcconfig */ = {isa = PBXFileReference; includeInIndex = 1; lastKnownFileType = text.xcconfig; name = "Pods-apod-app-apod-appUITests.debug.xcconfig"; path = "Target Support Files/Pods-apod-app-apod-appUITests/Pods-apod-app-apod-appUITests.debug.xcconfig"; sourceTree = "<group>"; };
		7426D658CC54953FBC50C3E0 /* Pods-apod-appTests.debug.xcconfig */ = {isa = PBXFileReference; includeInIndex = 1; lastKnownFileType = text.xcconfig; name = "Pods-apod-appTests.debug.xcconfig"; path = "Target Support Files/Pods-apod-appTests/Pods-apod-appTests.debug.xcconfig"; sourceTree = "<group>"; };
		786AD3E0FAFEADF154FBB18B /* Pods-apod-app.debug.xcconfig */ = {isa = PBXFileReference; includeInIndex = 1; lastKnownFileType = text.xcconfig; name = "Pods-apod-app.debug.xcconfig"; path = "Target Support Files/Pods-apod-app/Pods-apod-app.debug.xcconfig"; sourceTree = "<group>"; };
		A3B4541A15DEE19A72205F29 /* Pods_apod_app.framework */ = {isa = PBXFileReference; explicitFileType = wrapper.framework; includeInIndex = 0; path = Pods_apod_app.framework; sourceTree = BUILT_PRODUCTS_DIR; };
		AAD26BC79A82F026FEAEE271 /* Pods_apod_app_apod_appUITests.framework */ = {isa = PBXFileReference; explicitFileType = wrapper.framework; includeInIndex = 0; path = Pods_apod_app_apod_appUITests.framework; sourceTree = BUILT_PRODUCTS_DIR; };
		EBED77F27381A7052C61F4E3 /* Pods_apod_appTests.framework */ = {isa = PBXFileReference; explicitFileType = wrapper.framework; includeInIndex = 0; path = Pods_apod_appTests.framework; sourceTree = BUILT_PRODUCTS_DIR; };
/* End PBXFileReference section */

/* Begin PBXFrameworksBuildPhase section */
		45F27CE92D4BB5220045747A /* Frameworks */ = {
			isa = PBXFrameworksBuildPhase;
			buildActionMask = 2147483647;
			files = (
				6D0675FD878F2BAD7D416FC4 /* Pods_apod_app.framework in Frameworks */,
			);
			runOnlyForDeploymentPostprocessing = 0;
		};
		45F27CFF2D4BB5240045747A /* Frameworks */ = {
			isa = PBXFrameworksBuildPhase;
			buildActionMask = 2147483647;
			files = (
				0C365E60091E19F9C9E52000 /* Pods_apod_appTests.framework in Frameworks */,
			);
			runOnlyForDeploymentPostprocessing = 0;
		};
		45F27D092D4BB5240045747A /* Frameworks */ = {
			isa = PBXFrameworksBuildPhase;
			buildActionMask = 2147483647;
			files = (
				7FAA2050C6879FB2E97268E7 /* Pods_apod_app_apod_appUITests.framework in Frameworks */,
			);
			runOnlyForDeploymentPostprocessing = 0;
		};
/* End PBXFrameworksBuildPhase section */

/* Begin PBXGroup section */
		17F12A2F1C35328F45E3BBCB /* Frameworks */ = {
			isa = PBXGroup;
			children = (
				4562E7F42D4C84A300E1731D /* Kingfisher.framework */,
				4562E7F02D4C849B00E1731D /* Alamofire.framework */,
				A3B4541A15DEE19A72205F29 /* Pods_apod_app.framework */,
				AAD26BC79A82F026FEAEE271 /* Pods_apod_app_apod_appUITests.framework */,
				EBED77F27381A7052C61F4E3 /* Pods_apod_appTests.framework */,
			);
			name = Frameworks;
			sourceTree = "<group>";
		};
		3495C98600CBB0A0E5899B4E /* Pods */ = {
			isa = PBXGroup;
			children = (
				786AD3E0FAFEADF154FBB18B /* Pods-apod-app.debug.xcconfig */,
				35388D33844A0D39C51B2713 /* Pods-apod-app.release.xcconfig */,
				6B43E6ECD73A60EC8A1ADC09 /* Pods-apod-app-apod-appUITests.debug.xcconfig */,
				48B4053A009636FAC89CCCD4 /* Pods-apod-app-apod-appUITests.release.xcconfig */,
				7426D658CC54953FBC50C3E0 /* Pods-apod-appTests.debug.xcconfig */,
				307C716F8561A2A54F7AFF0D /* Pods-apod-appTests.release.xcconfig */,
			);
			path = Pods;
			sourceTree = "<group>";
		};
		452D7F8A2D4C655300584A75 /* ViewController */ = {
			isa = PBXGroup;
			children = (
				452D7F8E2D4C660700584A75 /* FavoritesApodViewController.swift */,
			);
			path = ViewController;
			sourceTree = "<group>";
		};
		452D7F8B2D4C655D00584A75 /* Views */ = {
			isa = PBXGroup;
			children = (
				452D7F8C2D4C65C900584A75 /* FavoritesApodView.swift */,
				452D7F902D4C6A0200584A75 /* FavoritesApodTableViewCell.swift */,
			);
			path = Views;
			sourceTree = "<group>";
		};
		45B500262D4C902900EE5939 /* Resources */ = {
			isa = PBXGroup;
			children = (
				45DB938A2D4FFC0700D2AED8 /* Localizable */,
				45F27D852D4C280D0045747A /* Fonts */,
				45F27D5C2D4BF2D50045747A /* AppDelegate.swift */,
				45F27D5D2D4BF2D50045747A /* Assets.xcassets */,
				45F27D5E2D4BF2D50045747A /* Info.plist */,
				45F27D602D4BF2D50045747A /* LaunchScreen.storyboard */,
				45F27D612D4BF2D50045747A /* SceneDelegate.swift */,
			);
			path = Resources;
			sourceTree = "<group>";
		};
		45B500272D4C912800EE5939 /* Network */ = {
			isa = PBXGroup;
			children = (
				45B500282D4C913A00EE5939 /* Commons */,
				45B500292D4C914400EE5939 /* Providers */,
				45B5002B2D4C915C00EE5939 /* Network.swift */,
			);
			path = Network;
			sourceTree = "<group>";
		};
		45B500282D4C913A00EE5939 /* Commons */ = {
			isa = PBXGroup;
			children = (
				45B5002D2D4C917600EE5939 /* NetworkBaseURL.swift */,
				45B500312D4C91DF00EE5939 /* NetworkMethod.swift */,
				45B500332D4C91F000EE5939 /* NetworkParameterEncoding.swift */,
				45B500352D4C91FD00EE5939 /* NetworkRequestConfigurator.swift */,
				45B5002F2D4C91D100EE5939 /* NetworkDeserialization.swift */,
			);
			path = Commons;
			sourceTree = "<group>";
		};
		45B500292D4C914400EE5939 /* Providers */ = {
			isa = PBXGroup;
			children = (
				45B500392D4C925500EE5939 /* AlamofireNetworkRequest.swift */,
				45B500372D4C923A00EE5939 /* NetworkRequester.swift */,
			);
			path = Providers;
			sourceTree = "<group>";
		};
		45B500472D4C9F3C00EE5939 /* Factory */ = {
			isa = PBXGroup;
			children = (
				45B500482D4C9F4500EE5939 /* ApodFactory.swift */,
			);
			path = Factory;
			sourceTree = "<group>";
		};
		45B500582D4DC4C200EE5939 /* ApodView */ = {
			isa = PBXGroup;
			children = (
				45F27D7E2D4BF5250045747A /* ApodView.swift */,
			);
			path = ApodView;
			sourceTree = "<group>";
		};
		45B500592D4DC4D300EE5939 /* MediaView */ = {
			isa = PBXGroup;
			children = (
				45B5004A2D4CA1B900EE5939 /* ApodMediaView.swift */,
				45B5004C2D4CAAF300EE5939 /* ApodMediaProgressView.swift */,
			);
			path = MediaView;
			sourceTree = "<group>";
		};
		45B5005A2D4DC4E200EE5939 /* ButtonsView */ = {
			isa = PBXGroup;
			children = (
				45B5004E2D4D4A9E00EE5939 /* ApodButtonsView.swift */,
			);
			path = ButtonsView;
			sourceTree = "<group>";
		};
		45B5005D2D4DDEBD00EE5939 /* MainTabBar */ = {
			isa = PBXGroup;
			children = (
				45B5005E2D4DDEC900EE5939 /* MainTabBarController.swift */,
			);
			path = MainTabBar;
			sourceTree = "<group>";
		};
		45B500602D4DDFB400EE5939 /* Factory */ = {
			isa = PBXGroup;
			children = (
				45B500612D4DDFBC00EE5939 /* FavoritesApodFactory.swift */,
			);
			path = Factory;
			sourceTree = "<group>";
		};
		45DB93782D4EEE1500D2AED8 /* Model */ = {
			isa = PBXGroup;
			children = (
				45DB93792D4EEE2700D2AED8 /* FavoriteApod.swift */,
			);
			path = Model;
			sourceTree = "<group>";
		};
		45DB937B2D4EEF6E00D2AED8 /* Repository */ = {
			isa = PBXGroup;
			children = (
				45DB937D2D4EF00F00D2AED8 /* FavoritesApodRepository.swift */,
			);
			path = Repository;
			sourceTree = "<group>";
		};
		45DB937C2D4EEF8100D2AED8 /* Scene */ = {
			isa = PBXGroup;
			children = (
				45DB937F2D4EF08600D2AED8 /* Interactor */,
				45DB93802D4EF09600D2AED8 /* Presenter */,
				452D7F8A2D4C655300584A75 /* ViewController */,
				45DB93852D4F145700D2AED8 /* ViewModel */,
				452D7F8B2D4C655D00584A75 /* Views */,
			);
			path = Scene;
			sourceTree = "<group>";
		};
		45DB937F2D4EF08600D2AED8 /* Interactor */ = {
			isa = PBXGroup;
			children = (
				45DB93812D4F130800D2AED8 /* FavoritesApodInteractor.swift */,
			);
			path = Interactor;
			sourceTree = "<group>";
		};
		45DB93802D4EF09600D2AED8 /* Presenter */ = {
			isa = PBXGroup;
			children = (
				45DB93832D4F13A500D2AED8 /* FavoritesApodPresenter.swift */,
			);
			path = Presenter;
			sourceTree = "<group>";
		};
		45DB93852D4F145700D2AED8 /* ViewModel */ = {
			isa = PBXGroup;
			children = (
				45DB93862D4F148C00D2AED8 /* FavoritesApodViewModel.swift */,
			);
			path = ViewModel;
			sourceTree = "<group>";
		};
		45DB938A2D4FFC0700D2AED8 /* Localizable */ = {
			isa = PBXGroup;
			children = (
				45DB938C2D4FFC2600D2AED8 /* Localizable.xcstrings */,
				45DB938E2D4FFF9800D2AED8 /* Localizable.swift */,
			);
			path = Localizable;
			sourceTree = "<group>";
		};
		45DB93912D5002C900D2AED8 /* Commons */ = {
			isa = PBXGroup;
			children = (
				45DB93952D50166400D2AED8 /* ErrorView */,
				45DB93922D5002F200D2AED8 /* LoadingView */,
			);
			path = Commons;
			sourceTree = "<group>";
		};
		45DB93922D5002F200D2AED8 /* LoadingView */ = {
			isa = PBXGroup;
			children = (
				45DB93932D5002FF00D2AED8 /* LoadingView.swift */,
			);
			path = LoadingView;
			sourceTree = "<group>";
		};
		45DB93952D50166400D2AED8 /* ErrorView */ = {
			isa = PBXGroup;
			children = (
				45DB939B2D5019B600D2AED8 /* ErrorViewFactory.swift */,
				45DB93982D50185F00D2AED8 /* ErrorViewViewModel.swift */,
				45DB93962D50166800D2AED8 /* ErrorView.swift */,
			);
			path = ErrorView;
			sourceTree = "<group>";
		};
		45F27CE32D4BB5220045747A = {
			isa = PBXGroup;
			children = (
				45F27D632D4BF2D50045747A /* apod-app */,
				45F27D6B2D4BF2DB0045747A /* apod-appTests */,
				45F27D6F2D4BF2DE0045747A /* apod-appUITests */,
				45F27CED2D4BB5220045747A /* Products */,
				3495C98600CBB0A0E5899B4E /* Pods */,
				17F12A2F1C35328F45E3BBCB /* Frameworks */,
			);
			sourceTree = "<group>";
		};
		45F27CED2D4BB5220045747A /* Products */ = {
			isa = PBXGroup;
			children = (
				45F27CEC2D4BB5220045747A /* apod-app.app */,
				45F27D022D4BB5240045747A /* apod-appTests.xctest */,
				45F27D0C2D4BB5240045747A /* apod-appUITests.xctest */,
			);
			name = Products;
			sourceTree = "<group>";
		};
		45F27D632D4BF2D50045747A /* apod-app */ = {
			isa = PBXGroup;
			children = (
				45F27D822D4C10B80045747A /* Extensions */,
				45F27D722D4BF2E30045747A /* Features */,
				45B500272D4C912800EE5939 /* Network */,
				45B500262D4C902900EE5939 /* Resources */,
			);
			path = "apod-app";
			sourceTree = "<group>";
		};
		45F27D6B2D4BF2DB0045747A /* apod-appTests */ = {
			isa = PBXGroup;
			children = (
				45F27D6A2D4BF2DB0045747A /* apod_appTests.swift */,
			);
			path = "apod-appTests";
			sourceTree = "<group>";
		};
		45F27D6F2D4BF2DE0045747A /* apod-appUITests */ = {
			isa = PBXGroup;
			children = (
				45F27D6D2D4BF2DE0045747A /* apod_appUITests.swift */,
				45F27D6E2D4BF2DE0045747A /* apod_appUITestsLaunchTests.swift */,
			);
			path = "apod-appUITests";
			sourceTree = "<group>";
		};
		45F27D722D4BF2E30045747A /* Features */ = {
			isa = PBXGroup;
			children = (
				45DB93912D5002C900D2AED8 /* Commons */,
				45B5005D2D4DDEBD00EE5939 /* MainTabBar */,
				45F27D732D4BF2F70045747A /* Apod */,
				45F27D772D4BF32B0045747A /* FavoritesApod */,
			);
			path = Features;
			sourceTree = "<group>";
		};
		45F27D732D4BF2F70045747A /* Apod */ = {
			isa = PBXGroup;
			children = (
				45B500472D4C9F3C00EE5939 /* Factory */,
				45F27D742D4BF3070045747A /* Model */,
				45F27D752D4BF3150045747A /* Repository */,
				45F27D762D4BF31D0045747A /* Scene */,
			);
			path = Apod;
			sourceTree = "<group>";
		};
		45F27D742D4BF3070045747A /* Model */ = {
			isa = PBXGroup;
			children = (
				452D7F922D4C839E00584A75 /* Apod.swift */,
			);
			path = Model;
			sourceTree = "<group>";
		};
		45F27D752D4BF3150045747A /* Repository */ = {
			isa = PBXGroup;
			children = (
				45B5003D2D4C954A00EE5939 /* ApodRepository.swift */,
				45B5003B2D4C931000EE5939 /* ApodRequestConfiguration.swift */,
			);
			path = Repository;
			sourceTree = "<group>";
		};
		45F27D762D4BF31D0045747A /* Scene */ = {
			isa = PBXGroup;
			children = (
				45F27D782D4BF3440045747A /* Interactor */,
				45F27D792D4BF3500045747A /* Presenter */,
				45F27D7D2D4BF37A0045747A /* ViewController */,
				45F27D7C2D4BF36E0045747A /* ViewModel */,
				45F27D7A2D4BF3600045747A /* Views */,
			);
			path = Scene;
			sourceTree = "<group>";
		};
		45F27D772D4BF32B0045747A /* FavoritesApod */ = {
			isa = PBXGroup;
			children = (
				45B500602D4DDFB400EE5939 /* Factory */,
				45DB93782D4EEE1500D2AED8 /* Model */,
				45DB937B2D4EEF6E00D2AED8 /* Repository */,
				45DB937C2D4EEF8100D2AED8 /* Scene */,
			);
			path = FavoritesApod;
			sourceTree = "<group>";
		};
		45F27D782D4BF3440045747A /* Interactor */ = {
			isa = PBXGroup;
			children = (
				45B5003F2D4C979400EE5939 /* ApodInteractor.swift */,
			);
			path = Interactor;
			sourceTree = "<group>";
		};
		45F27D792D4BF3500045747A /* Presenter */ = {
			isa = PBXGroup;
			children = (
				45B500432D4C996700EE5939 /* ApodPresenter.swift */,
			);
			path = Presenter;
			sourceTree = "<group>";
		};
		45F27D7A2D4BF3600045747A /* Views */ = {
			isa = PBXGroup;
			children = (
				45B500582D4DC4C200EE5939 /* ApodView */,
				45B500592D4DC4D300EE5939 /* MediaView */,
				45B5005A2D4DC4E200EE5939 /* ButtonsView */,
			);
			path = Views;
			sourceTree = "<group>";
		};
		45F27D7C2D4BF36E0045747A /* ViewModel */ = {
			isa = PBXGroup;
			children = (
				45F27D802D4BFBB80045747A /* ApodViewModel.swift */,
			);
			path = ViewModel;
			sourceTree = "<group>";
		};
		45F27D7D2D4BF37A0045747A /* ViewController */ = {
			isa = PBXGroup;
			children = (
				45F27D622D4BF2D50045747A /* ApodViewController.swift */,
			);
			path = ViewController;
			sourceTree = "<group>";
		};
		45F27D822D4C10B80045747A /* Extensions */ = {
			isa = PBXGroup;
			children = (
				45DB93732D4E70FA00D2AED8 /* Date+IsEqual.swift */,
				45DB93712D4E066C00D2AED8 /* URL+YoutubeVideoID.swift */,
				45B5005B2D4DD17B00EE5939 /* Date+ToString.swift */,
				45B500452D4C9B3900EE5939 /* String+ToDate.swift */,
				45F27D832D4C10F00045747A /* UIFonts.swift */,
				45DB93882D4FD66100D2AED8 /* NotificationsNames.swift */,
			);
			path = Extensions;
			sourceTree = "<group>";
		};
		45F27D852D4C280D0045747A /* Fonts */ = {
			isa = PBXGroup;
			children = (
				45F27D952D4C288D0045747A /* Roboto */,
				45F27D942D4C28840045747A /* Futura */,
			);
			path = Fonts;
			sourceTree = "<group>";
		};
		45F27D942D4C28840045747A /* Futura */ = {
			isa = PBXGroup;
			children = (
				45F27D862D4C281A0045747A /* FuturaCyrillicBold.ttf */,
				45F27D8B2D4C281A0045747A /* FuturaCyrillicLight.ttf */,
				45F27D8C2D4C281A0045747A /* FuturaCyrillicMedium.ttf */,
			);
			path = Futura;
			sourceTree = "<group>";
		};
		45F27D952D4C288D0045747A /* Roboto */ = {
			isa = PBXGroup;
			children = (
				45F27D962D4C28A30045747A /* Roboto-Bold.ttf */,
				45F27D972D4C28A30045747A /* Roboto-Light.ttf */,
				45F27D982D4C28A30045747A /* Roboto-Medium.ttf */,
			);
			path = Roboto;
			sourceTree = "<group>";
		};
/* End PBXGroup section */

/* Begin PBXNativeTarget section */
		45F27CEB2D4BB5220045747A /* apod-app */ = {
			isa = PBXNativeTarget;
			buildConfigurationList = 45F27D152D4BB5240045747A /* Build configuration list for PBXNativeTarget "apod-app" */;
			buildPhases = (
				A15614DEDB1DBE0BEE343720 /* [CP] Check Pods Manifest.lock */,
				45F27CE82D4BB5220045747A /* Sources */,
				45F27CE92D4BB5220045747A /* Frameworks */,
				45F27CEA2D4BB5220045747A /* Resources */,
				6407D8D2565581667A0D0527 /* [CP] Embed Pods Frameworks */,
			);
			buildRules = (
			);
			dependencies = (
			);
			name = "apod-app";
			productName = "apod-app";
			productReference = 45F27CEC2D4BB5220045747A /* apod-app.app */;
			productType = "com.apple.product-type.application";
		};
		45F27D012D4BB5240045747A /* apod-appTests */ = {
			isa = PBXNativeTarget;
			buildConfigurationList = 45F27D1A2D4BB5240045747A /* Build configuration list for PBXNativeTarget "apod-appTests" */;
			buildPhases = (
				BBDF88A084B01EA9A283E18B /* [CP] Check Pods Manifest.lock */,
				45F27CFE2D4BB5240045747A /* Sources */,
				45F27CFF2D4BB5240045747A /* Frameworks */,
				45F27D002D4BB5240045747A /* Resources */,
			);
			buildRules = (
			);
			dependencies = (
				45F27D042D4BB5240045747A /* PBXTargetDependency */,
			);
			name = "apod-appTests";
			productName = "apod-appTests";
			productReference = 45F27D022D4BB5240045747A /* apod-appTests.xctest */;
			productType = "com.apple.product-type.bundle.unit-test";
		};
		45F27D0B2D4BB5240045747A /* apod-appUITests */ = {
			isa = PBXNativeTarget;
			buildConfigurationList = 45F27D1D2D4BB5240045747A /* Build configuration list for PBXNativeTarget "apod-appUITests" */;
			buildPhases = (
				F8B34761553B683853152CE2 /* [CP] Check Pods Manifest.lock */,
				45F27D082D4BB5240045747A /* Sources */,
				45F27D092D4BB5240045747A /* Frameworks */,
				45F27D0A2D4BB5240045747A /* Resources */,
				1C2351FF17B6CD6F12160346 /* [CP] Embed Pods Frameworks */,
			);
			buildRules = (
			);
			dependencies = (
				45F27D0E2D4BB5240045747A /* PBXTargetDependency */,
			);
			name = "apod-appUITests";
			productName = "apod-appUITests";
			productReference = 45F27D0C2D4BB5240045747A /* apod-appUITests.xctest */;
			productType = "com.apple.product-type.bundle.ui-testing";
		};
/* End PBXNativeTarget section */

/* Begin PBXProject section */
		45F27CE42D4BB5220045747A /* Project object */ = {
			isa = PBXProject;
			attributes = {
				BuildIndependentTargetsInParallel = 1;
				LastSwiftUpdateCheck = 1620;
				LastUpgradeCheck = 1620;
				TargetAttributes = {
					45F27CEB2D4BB5220045747A = {
						CreatedOnToolsVersion = 16.2;
					};
					45F27D012D4BB5240045747A = {
						CreatedOnToolsVersion = 16.2;
						TestTargetID = 45F27CEB2D4BB5220045747A;
					};
					45F27D0B2D4BB5240045747A = {
						CreatedOnToolsVersion = 16.2;
						TestTargetID = 45F27CEB2D4BB5220045747A;
					};
				};
			};
			buildConfigurationList = 45F27CE72D4BB5220045747A /* Build configuration list for PBXProject "apod-app" */;
			compatibilityVersion = "Xcode 15.3";
			developmentRegion = en;
			hasScannedForEncodings = 0;
			knownRegions = (
				en,
				Base,
			);
			mainGroup = 45F27CE32D4BB5220045747A;
			minimizedProjectReferenceProxies = 1;
			productRefGroup = 45F27CED2D4BB5220045747A /* Products */;
			projectDirPath = "";
			projectRoot = "";
			targets = (
				45F27CEB2D4BB5220045747A /* apod-app */,
				45F27D012D4BB5240045747A /* apod-appTests */,
				45F27D0B2D4BB5240045747A /* apod-appUITests */,
			);
		};
/* End PBXProject section */

/* Begin PBXResourcesBuildPhase section */
		45F27CEA2D4BB5220045747A /* Resources */ = {
			isa = PBXResourcesBuildPhase;
			buildActionMask = 2147483647;
			files = (
				45F27D642D4BF2D50045747A /* Assets.xcassets in Resources */,
				45F27D8D2D4C281A0045747A /* FuturaCyrillicLight.ttf in Resources */,
				45F27D992D4C28A30045747A /* Roboto-Bold.ttf in Resources */,
				45F27D9A2D4C28A30045747A /* Roboto-Light.ttf in Resources */,
				45F27D9B2D4C28A30045747A /* Roboto-Medium.ttf in Resources */,
				45F27D902D4C281A0045747A /* FuturaCyrillicMedium.ttf in Resources */,
				45F27D912D4C281A0045747A /* FuturaCyrillicBold.ttf in Resources */,
				45F27D662D4BF2D50045747A /* LaunchScreen.storyboard in Resources */,
				45DB938D2D4FFC2600D2AED8 /* Localizable.xcstrings in Resources */,
			);
			runOnlyForDeploymentPostprocessing = 0;
		};
		45F27D002D4BB5240045747A /* Resources */ = {
			isa = PBXResourcesBuildPhase;
			buildActionMask = 2147483647;
			files = (
			);
			runOnlyForDeploymentPostprocessing = 0;
		};
		45F27D0A2D4BB5240045747A /* Resources */ = {
			isa = PBXResourcesBuildPhase;
			buildActionMask = 2147483647;
			files = (
			);
			runOnlyForDeploymentPostprocessing = 0;
		};
/* End PBXResourcesBuildPhase section */

/* Begin PBXShellScriptBuildPhase section */
		1C2351FF17B6CD6F12160346 /* [CP] Embed Pods Frameworks */ = {
			isa = PBXShellScriptBuildPhase;
			buildActionMask = 2147483647;
			files = (
			);
			inputFileListPaths = (
				"${PODS_ROOT}/Target Support Files/Pods-apod-app-apod-appUITests/Pods-apod-app-apod-appUITests-frameworks-${CONFIGURATION}-input-files.xcfilelist",
			);
			name = "[CP] Embed Pods Frameworks";
			outputFileListPaths = (
				"${PODS_ROOT}/Target Support Files/Pods-apod-app-apod-appUITests/Pods-apod-app-apod-appUITests-frameworks-${CONFIGURATION}-output-files.xcfilelist",
			);
			runOnlyForDeploymentPostprocessing = 0;
			shellPath = /bin/sh;
			shellScript = "\"${PODS_ROOT}/Target Support Files/Pods-apod-app-apod-appUITests/Pods-apod-app-apod-appUITests-frameworks.sh\"\n";
			showEnvVarsInLog = 0;
		};
		6407D8D2565581667A0D0527 /* [CP] Embed Pods Frameworks */ = {
			isa = PBXShellScriptBuildPhase;
			buildActionMask = 2147483647;
			files = (
			);
			inputFileListPaths = (
				"${PODS_ROOT}/Target Support Files/Pods-apod-app/Pods-apod-app-frameworks-${CONFIGURATION}-input-files.xcfilelist",
			);
			name = "[CP] Embed Pods Frameworks";
			outputFileListPaths = (
				"${PODS_ROOT}/Target Support Files/Pods-apod-app/Pods-apod-app-frameworks-${CONFIGURATION}-output-files.xcfilelist",
			);
			runOnlyForDeploymentPostprocessing = 0;
			shellPath = /bin/sh;
			shellScript = "\"${PODS_ROOT}/Target Support Files/Pods-apod-app/Pods-apod-app-frameworks.sh\"\n";
			showEnvVarsInLog = 0;
		};
		A15614DEDB1DBE0BEE343720 /* [CP] Check Pods Manifest.lock */ = {
			isa = PBXShellScriptBuildPhase;
			buildActionMask = 2147483647;
			files = (
			);
			inputFileListPaths = (
			);
			inputPaths = (
				"${PODS_PODFILE_DIR_PATH}/Podfile.lock",
				"${PODS_ROOT}/Manifest.lock",
			);
			name = "[CP] Check Pods Manifest.lock";
			outputFileListPaths = (
			);
			outputPaths = (
				"$(DERIVED_FILE_DIR)/Pods-apod-app-checkManifestLockResult.txt",
			);
			runOnlyForDeploymentPostprocessing = 0;
			shellPath = /bin/sh;
			shellScript = "diff \"${PODS_PODFILE_DIR_PATH}/Podfile.lock\" \"${PODS_ROOT}/Manifest.lock\" > /dev/null\nif [ $? != 0 ] ; then\n    # print error to STDERR\n    echo \"error: The sandbox is not in sync with the Podfile.lock. Run 'pod install' or update your CocoaPods installation.\" >&2\n    exit 1\nfi\n# This output is used by Xcode 'outputs' to avoid re-running this script phase.\necho \"SUCCESS\" > \"${SCRIPT_OUTPUT_FILE_0}\"\n";
			showEnvVarsInLog = 0;
		};
		BBDF88A084B01EA9A283E18B /* [CP] Check Pods Manifest.lock */ = {
			isa = PBXShellScriptBuildPhase;
			buildActionMask = 2147483647;
			files = (
			);
			inputFileListPaths = (
			);
			inputPaths = (
				"${PODS_PODFILE_DIR_PATH}/Podfile.lock",
				"${PODS_ROOT}/Manifest.lock",
			);
			name = "[CP] Check Pods Manifest.lock";
			outputFileListPaths = (
			);
			outputPaths = (
				"$(DERIVED_FILE_DIR)/Pods-apod-appTests-checkManifestLockResult.txt",
			);
			runOnlyForDeploymentPostprocessing = 0;
			shellPath = /bin/sh;
			shellScript = "diff \"${PODS_PODFILE_DIR_PATH}/Podfile.lock\" \"${PODS_ROOT}/Manifest.lock\" > /dev/null\nif [ $? != 0 ] ; then\n    # print error to STDERR\n    echo \"error: The sandbox is not in sync with the Podfile.lock. Run 'pod install' or update your CocoaPods installation.\" >&2\n    exit 1\nfi\n# This output is used by Xcode 'outputs' to avoid re-running this script phase.\necho \"SUCCESS\" > \"${SCRIPT_OUTPUT_FILE_0}\"\n";
			showEnvVarsInLog = 0;
		};
		F8B34761553B683853152CE2 /* [CP] Check Pods Manifest.lock */ = {
			isa = PBXShellScriptBuildPhase;
			buildActionMask = 2147483647;
			files = (
			);
			inputFileListPaths = (
			);
			inputPaths = (
				"${PODS_PODFILE_DIR_PATH}/Podfile.lock",
				"${PODS_ROOT}/Manifest.lock",
			);
			name = "[CP] Check Pods Manifest.lock";
			outputFileListPaths = (
			);
			outputPaths = (
				"$(DERIVED_FILE_DIR)/Pods-apod-app-apod-appUITests-checkManifestLockResult.txt",
			);
			runOnlyForDeploymentPostprocessing = 0;
			shellPath = /bin/sh;
			shellScript = "diff \"${PODS_PODFILE_DIR_PATH}/Podfile.lock\" \"${PODS_ROOT}/Manifest.lock\" > /dev/null\nif [ $? != 0 ] ; then\n    # print error to STDERR\n    echo \"error: The sandbox is not in sync with the Podfile.lock. Run 'pod install' or update your CocoaPods installation.\" >&2\n    exit 1\nfi\n# This output is used by Xcode 'outputs' to avoid re-running this script phase.\necho \"SUCCESS\" > \"${SCRIPT_OUTPUT_FILE_0}\"\n";
			showEnvVarsInLog = 0;
		};
/* End PBXShellScriptBuildPhase section */

/* Begin PBXSourcesBuildPhase section */
		45F27CE82D4BB5220045747A /* Sources */ = {
			isa = PBXSourcesBuildPhase;
			buildActionMask = 2147483647;
			files = (
				45DB937A2D4EEE2700D2AED8 /* FavoriteApod.swift in Sources */,
				45B5005F2D4DDED000EE5939 /* MainTabBarController.swift in Sources */,
				45F27D842D4C10F00045747A /* UIFonts.swift in Sources */,
				45B500322D4C91E000EE5939 /* NetworkMethod.swift in Sources */,
				45B500362D4C91FE00EE5939 /* NetworkRequestConfigurator.swift in Sources */,
				45DB93722D4E067B00D2AED8 /* URL+YoutubeVideoID.swift in Sources */,
				45DB93842D4F13A500D2AED8 /* FavoritesApodPresenter.swift in Sources */,
				452D7F912D4C6A0200584A75 /* FavoritesApodTableViewCell.swift in Sources */,
				45F27D7F2D4BF5250045747A /* ApodView.swift in Sources */,
				45B500342D4C91F100EE5939 /* NetworkParameterEncoding.swift in Sources */,
				45DB93992D50186300D2AED8 /* ErrorViewViewModel.swift in Sources */,
				45F27D672D4BF2D50045747A /* AppDelegate.swift in Sources */,
				45B5003E2D4C954E00EE5939 /* ApodRepository.swift in Sources */,
				45DB93742D4E710400D2AED8 /* Date+IsEqual.swift in Sources */,
				45DB93942D50030600D2AED8 /* LoadingView.swift in Sources */,
				45F27D812D4BFBB80045747A /* ApodViewModel.swift in Sources */,
				45B5004D2D4CAB0000EE5939 /* ApodMediaProgressView.swift in Sources */,
				45B500402D4C979A00EE5939 /* ApodInteractor.swift in Sources */,
				45B5003C2D4C931700EE5939 /* ApodRequestConfiguration.swift in Sources */,
				45B500302D4C91D200EE5939 /* NetworkDeserialization.swift in Sources */,
				45B5002C2D4C915F00EE5939 /* Network.swift in Sources */,
				45B5004F2D4D4A9E00EE5939 /* ApodButtonsView.swift in Sources */,
				45B5002E2D4C917700EE5939 /* NetworkBaseURL.swift in Sources */,
				45DB93972D50166B00D2AED8 /* ErrorView.swift in Sources */,
				45B500382D4C923B00EE5939 /* NetworkRequester.swift in Sources */,
				45DB93892D4FD66100D2AED8 /* NotificationsNames.swift in Sources */,
				45B5005C2D4DD17F00EE5939 /* Date+ToString.swift in Sources */,
				45DB939C2D5019BC00D2AED8 /* ErrorViewFactory.swift in Sources */,
				45B5004B2D4CA1BD00EE5939 /* ApodMediaView.swift in Sources */,
				45F27D682D4BF2D50045747A /* SceneDelegate.swift in Sources */,
				45F27D692D4BF2D50045747A /* ApodViewController.swift in Sources */,
				452D7F932D4C839E00584A75 /* Apod.swift in Sources */,
				45DB93872D4F148C00D2AED8 /* FavoritesApodViewModel.swift in Sources */,
				45B500462D4C9B4100EE5939 /* String+ToDate.swift in Sources */,
				45B5003A2D4C925600EE5939 /* AlamofireNetworkRequest.swift in Sources */,
				452D7F8F2D4C660700584A75 /* FavoritesApodViewController.swift in Sources */,
				45DB937E2D4EF00F00D2AED8 /* FavoritesApodRepository.swift in Sources */,
				45B500622D4DDFC400EE5939 /* FavoritesApodFactory.swift in Sources */,
				452D7F8D2D4C65C900584A75 /* FavoritesApodView.swift in Sources */,
				45B500442D4C996B00EE5939 /* ApodPresenter.swift in Sources */,
				45DB93822D4F130800D2AED8 /* FavoritesApodInteractor.swift in Sources */,
				45DB938F2D4FFF9D00D2AED8 /* Localizable.swift in Sources */,
				45B500492D4C9F4A00EE5939 /* ApodFactory.swift in Sources */,
			);
			runOnlyForDeploymentPostprocessing = 0;
		};
		45F27CFE2D4BB5240045747A /* Sources */ = {
			isa = PBXSourcesBuildPhase;
			buildActionMask = 2147483647;
			files = (
				45F27D6C2D4BF2DB0045747A /* apod_appTests.swift in Sources */,
			);
			runOnlyForDeploymentPostprocessing = 0;
		};
		45F27D082D4BB5240045747A /* Sources */ = {
			isa = PBXSourcesBuildPhase;
			buildActionMask = 2147483647;
			files = (
				45F27D702D4BF2DE0045747A /* apod_appUITests.swift in Sources */,
				45F27D712D4BF2DE0045747A /* apod_appUITestsLaunchTests.swift in Sources */,
			);
			runOnlyForDeploymentPostprocessing = 0;
		};
/* End PBXSourcesBuildPhase section */

/* Begin PBXTargetDependency section */
		45F27D042D4BB5240045747A /* PBXTargetDependency */ = {
			isa = PBXTargetDependency;
			target = 45F27CEB2D4BB5220045747A /* apod-app */;
			targetProxy = 45F27D032D4BB5240045747A /* PBXContainerItemProxy */;
		};
		45F27D0E2D4BB5240045747A /* PBXTargetDependency */ = {
			isa = PBXTargetDependency;
			target = 45F27CEB2D4BB5220045747A /* apod-app */;
			targetProxy = 45F27D0D2D4BB5240045747A /* PBXContainerItemProxy */;
		};
/* End PBXTargetDependency section */

/* Begin PBXVariantGroup section */
		45F27D602D4BF2D50045747A /* LaunchScreen.storyboard */ = {
			isa = PBXVariantGroup;
			children = (
				45F27D5F2D4BF2D50045747A /* Base */,
			);
			name = LaunchScreen.storyboard;
			sourceTree = "<group>";
		};
/* End PBXVariantGroup section */

/* Begin XCBuildConfiguration section */
		45F27D162D4BB5240045747A /* Debug */ = {
			isa = XCBuildConfiguration;
			baseConfigurationReference = 786AD3E0FAFEADF154FBB18B /* Pods-apod-app.debug.xcconfig */;
			buildSettings = {
				ASSETCATALOG_COMPILER_APPICON_NAME = AppIcon;
				ASSETCATALOG_COMPILER_GLOBAL_ACCENT_COLOR_NAME = AccentColor;
				CODE_SIGN_STYLE = Automatic;
				CURRENT_PROJECT_VERSION = 1;
				DEVELOPMENT_TEAM = CZM8PU3P9W;
				GENERATE_INFOPLIST_FILE = YES;
				INFOPLIST_FILE = "apod-app/Resources/Info.plist";
				INFOPLIST_KEY_CFBundleDisplayName = Apod;
				INFOPLIST_KEY_UIApplicationSupportsIndirectInputEvents = YES;
				INFOPLIST_KEY_UILaunchStoryboardName = LaunchScreen;
				INFOPLIST_KEY_UIStatusBarStyle = "";
				INFOPLIST_KEY_UISupportedInterfaceOrientations = UIInterfaceOrientationPortrait;
				INFOPLIST_KEY_UISupportedInterfaceOrientations_iPad = "UIInterfaceOrientationLandscapeLeft UIInterfaceOrientationLandscapeRight UIInterfaceOrientationPortrait UIInterfaceOrientationPortraitUpsideDown";
				LD_RUNPATH_SEARCH_PATHS = (
					"$(inherited)",
					"@executable_path/Frameworks",
				);
				MARKETING_VERSION = 1.0;
				PRODUCT_BUNDLE_IDENTIFIER = "br.com.limasgeovane.apod-app";
				PRODUCT_NAME = "$(TARGET_NAME)";
				SUPPORTED_PLATFORMS = "iphoneos iphonesimulator";
				SUPPORTS_MACCATALYST = NO;
				SUPPORTS_MAC_DESIGNED_FOR_IPHONE_IPAD = NO;
				SUPPORTS_XR_DESIGNED_FOR_IPHONE_IPAD = NO;
				SWIFT_EMIT_LOC_STRINGS = YES;
				SWIFT_VERSION = 5.0;
				TARGETED_DEVICE_FAMILY = 1;
			};
			name = Debug;
		};
		45F27D172D4BB5240045747A /* Release */ = {
			isa = XCBuildConfiguration;
			baseConfigurationReference = 35388D33844A0D39C51B2713 /* Pods-apod-app.release.xcconfig */;
			buildSettings = {
				ASSETCATALOG_COMPILER_APPICON_NAME = AppIcon;
				ASSETCATALOG_COMPILER_GLOBAL_ACCENT_COLOR_NAME = AccentColor;
				CODE_SIGN_STYLE = Automatic;
				CURRENT_PROJECT_VERSION = 1;
				DEVELOPMENT_TEAM = CZM8PU3P9W;
				GENERATE_INFOPLIST_FILE = YES;
				INFOPLIST_FILE = "apod-app/Resources/Info.plist";
				INFOPLIST_KEY_CFBundleDisplayName = Apod;
				INFOPLIST_KEY_UIApplicationSupportsIndirectInputEvents = YES;
				INFOPLIST_KEY_UILaunchStoryboardName = LaunchScreen;
				INFOPLIST_KEY_UIStatusBarStyle = "";
				INFOPLIST_KEY_UISupportedInterfaceOrientations = UIInterfaceOrientationPortrait;
				INFOPLIST_KEY_UISupportedInterfaceOrientations_iPad = "UIInterfaceOrientationLandscapeLeft UIInterfaceOrientationLandscapeRight UIInterfaceOrientationPortrait UIInterfaceOrientationPortraitUpsideDown";
				LD_RUNPATH_SEARCH_PATHS = (
					"$(inherited)",
					"@executable_path/Frameworks",
				);
				MARKETING_VERSION = 1.0;
				PRODUCT_BUNDLE_IDENTIFIER = "br.com.limasgeovane.apod-app";
				PRODUCT_NAME = "$(TARGET_NAME)";
				SUPPORTED_PLATFORMS = "iphoneos iphonesimulator";
				SUPPORTS_MACCATALYST = NO;
				SUPPORTS_MAC_DESIGNED_FOR_IPHONE_IPAD = NO;
				SUPPORTS_XR_DESIGNED_FOR_IPHONE_IPAD = NO;
				SWIFT_EMIT_LOC_STRINGS = YES;
				SWIFT_VERSION = 5.0;
				TARGETED_DEVICE_FAMILY = 1;
			};
			name = Release;
		};
		45F27D182D4BB5240045747A /* Debug */ = {
			isa = XCBuildConfiguration;
			buildSettings = {
				ALWAYS_SEARCH_USER_PATHS = NO;
				ASSETCATALOG_COMPILER_GENERATE_SWIFT_ASSET_SYMBOL_EXTENSIONS = YES;
				CLANG_ANALYZER_NONNULL = YES;
				CLANG_ANALYZER_NUMBER_OBJECT_CONVERSION = YES_AGGRESSIVE;
				CLANG_CXX_LANGUAGE_STANDARD = "gnu++20";
				CLANG_ENABLE_MODULES = YES;
				CLANG_ENABLE_OBJC_ARC = YES;
				CLANG_ENABLE_OBJC_WEAK = YES;
				CLANG_WARN_BLOCK_CAPTURE_AUTORELEASING = YES;
				CLANG_WARN_BOOL_CONVERSION = YES;
				CLANG_WARN_COMMA = YES;
				CLANG_WARN_CONSTANT_CONVERSION = YES;
				CLANG_WARN_DEPRECATED_OBJC_IMPLEMENTATIONS = YES;
				CLANG_WARN_DIRECT_OBJC_ISA_USAGE = YES_ERROR;
				CLANG_WARN_DOCUMENTATION_COMMENTS = YES;
				CLANG_WARN_EMPTY_BODY = YES;
				CLANG_WARN_ENUM_CONVERSION = YES;
				CLANG_WARN_INFINITE_RECURSION = YES;
				CLANG_WARN_INT_CONVERSION = YES;
				CLANG_WARN_NON_LITERAL_NULL_CONVERSION = YES;
				CLANG_WARN_OBJC_IMPLICIT_RETAIN_SELF = YES;
				CLANG_WARN_OBJC_LITERAL_CONVERSION = YES;
				CLANG_WARN_OBJC_ROOT_CLASS = YES_ERROR;
				CLANG_WARN_QUOTED_INCLUDE_IN_FRAMEWORK_HEADER = YES;
				CLANG_WARN_RANGE_LOOP_ANALYSIS = YES;
				CLANG_WARN_STRICT_PROTOTYPES = YES;
				CLANG_WARN_SUSPICIOUS_MOVE = YES;
				CLANG_WARN_UNGUARDED_AVAILABILITY = YES_AGGRESSIVE;
				CLANG_WARN_UNREACHABLE_CODE = YES;
				CLANG_WARN__DUPLICATE_METHOD_MATCH = YES;
				COPY_PHASE_STRIP = NO;
				DEBUG_INFORMATION_FORMAT = dwarf;
				ENABLE_STRICT_OBJC_MSGSEND = YES;
				ENABLE_TESTABILITY = YES;
				ENABLE_USER_SCRIPT_SANDBOXING = NO;
				GCC_C_LANGUAGE_STANDARD = gnu17;
				GCC_DYNAMIC_NO_PIC = NO;
				GCC_NO_COMMON_BLOCKS = YES;
				GCC_OPTIMIZATION_LEVEL = 0;
				GCC_PREPROCESSOR_DEFINITIONS = (
					"DEBUG=1",
					"$(inherited)",
				);
				GCC_WARN_64_TO_32_BIT_CONVERSION = YES;
				GCC_WARN_ABOUT_RETURN_TYPE = YES_ERROR;
				GCC_WARN_UNDECLARED_SELECTOR = YES;
				GCC_WARN_UNINITIALIZED_AUTOS = YES_AGGRESSIVE;
				GCC_WARN_UNUSED_FUNCTION = YES;
				GCC_WARN_UNUSED_VARIABLE = YES;
				IPHONEOS_DEPLOYMENT_TARGET = 17.6;
				LOCALIZATION_PREFERS_STRING_CATALOGS = YES;
				MTL_ENABLE_DEBUG_INFO = INCLUDE_SOURCE;
				MTL_FAST_MATH = YES;
				ONLY_ACTIVE_ARCH = YES;
				SDKROOT = iphoneos;
				SWIFT_ACTIVE_COMPILATION_CONDITIONS = "DEBUG $(inherited)";
				SWIFT_EMIT_LOC_STRINGS = YES;
				SWIFT_OPTIMIZATION_LEVEL = "-Onone";
			};
			name = Debug;
		};
		45F27D192D4BB5240045747A /* Release */ = {
			isa = XCBuildConfiguration;
			buildSettings = {
				ALWAYS_SEARCH_USER_PATHS = NO;
				ASSETCATALOG_COMPILER_GENERATE_SWIFT_ASSET_SYMBOL_EXTENSIONS = YES;
				CLANG_ANALYZER_NONNULL = YES;
				CLANG_ANALYZER_NUMBER_OBJECT_CONVERSION = YES_AGGRESSIVE;
				CLANG_CXX_LANGUAGE_STANDARD = "gnu++20";
				CLANG_ENABLE_MODULES = YES;
				CLANG_ENABLE_OBJC_ARC = YES;
				CLANG_ENABLE_OBJC_WEAK = YES;
				CLANG_WARN_BLOCK_CAPTURE_AUTORELEASING = YES;
				CLANG_WARN_BOOL_CONVERSION = YES;
				CLANG_WARN_COMMA = YES;
				CLANG_WARN_CONSTANT_CONVERSION = YES;
				CLANG_WARN_DEPRECATED_OBJC_IMPLEMENTATIONS = YES;
				CLANG_WARN_DIRECT_OBJC_ISA_USAGE = YES_ERROR;
				CLANG_WARN_DOCUMENTATION_COMMENTS = YES;
				CLANG_WARN_EMPTY_BODY = YES;
				CLANG_WARN_ENUM_CONVERSION = YES;
				CLANG_WARN_INFINITE_RECURSION = YES;
				CLANG_WARN_INT_CONVERSION = YES;
				CLANG_WARN_NON_LITERAL_NULL_CONVERSION = YES;
				CLANG_WARN_OBJC_IMPLICIT_RETAIN_SELF = YES;
				CLANG_WARN_OBJC_LITERAL_CONVERSION = YES;
				CLANG_WARN_OBJC_ROOT_CLASS = YES_ERROR;
				CLANG_WARN_QUOTED_INCLUDE_IN_FRAMEWORK_HEADER = YES;
				CLANG_WARN_RANGE_LOOP_ANALYSIS = YES;
				CLANG_WARN_STRICT_PROTOTYPES = YES;
				CLANG_WARN_SUSPICIOUS_MOVE = YES;
				CLANG_WARN_UNGUARDED_AVAILABILITY = YES_AGGRESSIVE;
				CLANG_WARN_UNREACHABLE_CODE = YES;
				CLANG_WARN__DUPLICATE_METHOD_MATCH = YES;
				COPY_PHASE_STRIP = NO;
				DEBUG_INFORMATION_FORMAT = "dwarf-with-dsym";
				ENABLE_NS_ASSERTIONS = NO;
				ENABLE_STRICT_OBJC_MSGSEND = YES;
				ENABLE_USER_SCRIPT_SANDBOXING = NO;
				GCC_C_LANGUAGE_STANDARD = gnu17;
				GCC_NO_COMMON_BLOCKS = YES;
				GCC_WARN_64_TO_32_BIT_CONVERSION = YES;
				GCC_WARN_ABOUT_RETURN_TYPE = YES_ERROR;
				GCC_WARN_UNDECLARED_SELECTOR = YES;
				GCC_WARN_UNINITIALIZED_AUTOS = YES_AGGRESSIVE;
				GCC_WARN_UNUSED_FUNCTION = YES;
				GCC_WARN_UNUSED_VARIABLE = YES;
				IPHONEOS_DEPLOYMENT_TARGET = 17.6;
				LOCALIZATION_PREFERS_STRING_CATALOGS = YES;
				MTL_ENABLE_DEBUG_INFO = NO;
				MTL_FAST_MATH = YES;
				SDKROOT = iphoneos;
				SWIFT_COMPILATION_MODE = wholemodule;
				SWIFT_EMIT_LOC_STRINGS = YES;
				VALIDATE_PRODUCT = YES;
			};
			name = Release;
		};
		45F27D1B2D4BB5240045747A /* Debug */ = {
			isa = XCBuildConfiguration;
			baseConfigurationReference = 7426D658CC54953FBC50C3E0 /* Pods-apod-appTests.debug.xcconfig */;
			buildSettings = {
				BUNDLE_LOADER = "$(TEST_HOST)";
				CODE_SIGN_STYLE = Automatic;
				CURRENT_PROJECT_VERSION = 1;
				DEVELOPMENT_TEAM = CZM8PU3P9W;
				GENERATE_INFOPLIST_FILE = YES;
				IPHONEOS_DEPLOYMENT_TARGET = 18.2;
				MARKETING_VERSION = 1.0;
				PRODUCT_BUNDLE_IDENTIFIER = "br.com.limasgeovane.apod-appTests";
				PRODUCT_NAME = "$(TARGET_NAME)";
				SWIFT_EMIT_LOC_STRINGS = NO;
				SWIFT_VERSION = 5.0;
				TARGETED_DEVICE_FAMILY = "1,2";
				TEST_HOST = "$(BUILT_PRODUCTS_DIR)/apod-app.app/$(BUNDLE_EXECUTABLE_FOLDER_PATH)/apod-app";
			};
			name = Debug;
		};
		45F27D1C2D4BB5240045747A /* Release */ = {
			isa = XCBuildConfiguration;
			baseConfigurationReference = 307C716F8561A2A54F7AFF0D /* Pods-apod-appTests.release.xcconfig */;
			buildSettings = {
				BUNDLE_LOADER = "$(TEST_HOST)";
				CODE_SIGN_STYLE = Automatic;
				CURRENT_PROJECT_VERSION = 1;
				DEVELOPMENT_TEAM = CZM8PU3P9W;
				GENERATE_INFOPLIST_FILE = YES;
				IPHONEOS_DEPLOYMENT_TARGET = 18.2;
				MARKETING_VERSION = 1.0;
				PRODUCT_BUNDLE_IDENTIFIER = "br.com.limasgeovane.apod-appTests";
				PRODUCT_NAME = "$(TARGET_NAME)";
				SWIFT_EMIT_LOC_STRINGS = NO;
				SWIFT_VERSION = 5.0;
				TARGETED_DEVICE_FAMILY = "1,2";
				TEST_HOST = "$(BUILT_PRODUCTS_DIR)/apod-app.app/$(BUNDLE_EXECUTABLE_FOLDER_PATH)/apod-app";
			};
			name = Release;
		};
		45F27D1E2D4BB5240045747A /* Debug */ = {
			isa = XCBuildConfiguration;
			baseConfigurationReference = 6B43E6ECD73A60EC8A1ADC09 /* Pods-apod-app-apod-appUITests.debug.xcconfig */;
			buildSettings = {
				CODE_SIGN_STYLE = Automatic;
				CURRENT_PROJECT_VERSION = 1;
				DEVELOPMENT_TEAM = CZM8PU3P9W;
				GENERATE_INFOPLIST_FILE = YES;
				MARKETING_VERSION = 1.0;
				PRODUCT_BUNDLE_IDENTIFIER = "br.com.limasgeovane.apod-appUITests";
				PRODUCT_NAME = "$(TARGET_NAME)";
				SWIFT_EMIT_LOC_STRINGS = NO;
				SWIFT_VERSION = 5.0;
				TARGETED_DEVICE_FAMILY = "1,2";
				TEST_TARGET_NAME = "apod-app";
			};
			name = Debug;
		};
		45F27D1F2D4BB5240045747A /* Release */ = {
			isa = XCBuildConfiguration;
			baseConfigurationReference = 48B4053A009636FAC89CCCD4 /* Pods-apod-app-apod-appUITests.release.xcconfig */;
			buildSettings = {
				CODE_SIGN_STYLE = Automatic;
				CURRENT_PROJECT_VERSION = 1;
				DEVELOPMENT_TEAM = CZM8PU3P9W;
				GENERATE_INFOPLIST_FILE = YES;
				MARKETING_VERSION = 1.0;
				PRODUCT_BUNDLE_IDENTIFIER = "br.com.limasgeovane.apod-appUITests";
				PRODUCT_NAME = "$(TARGET_NAME)";
				SWIFT_EMIT_LOC_STRINGS = NO;
				SWIFT_VERSION = 5.0;
				TARGETED_DEVICE_FAMILY = "1,2";
				TEST_TARGET_NAME = "apod-app";
			};
			name = Release;
		};
/* End XCBuildConfiguration section */

/* Begin XCConfigurationList section */
		45F27CE72D4BB5220045747A /* Build configuration list for PBXProject "apod-app" */ = {
			isa = XCConfigurationList;
			buildConfigurations = (
				45F27D182D4BB5240045747A /* Debug */,
				45F27D192D4BB5240045747A /* Release */,
			);
			defaultConfigurationIsVisible = 0;
			defaultConfigurationName = Release;
		};
		45F27D152D4BB5240045747A /* Build configuration list for PBXNativeTarget "apod-app" */ = {
			isa = XCConfigurationList;
			buildConfigurations = (
				45F27D162D4BB5240045747A /* Debug */,
				45F27D172D4BB5240045747A /* Release */,
			);
			defaultConfigurationIsVisible = 0;
			defaultConfigurationName = Release;
		};
		45F27D1A2D4BB5240045747A /* Build configuration list for PBXNativeTarget "apod-appTests" */ = {
			isa = XCConfigurationList;
			buildConfigurations = (
				45F27D1B2D4BB5240045747A /* Debug */,
				45F27D1C2D4BB5240045747A /* Release */,
			);
			defaultConfigurationIsVisible = 0;
			defaultConfigurationName = Release;
		};
		45F27D1D2D4BB5240045747A /* Build configuration list for PBXNativeTarget "apod-appUITests" */ = {
			isa = XCConfigurationList;
			buildConfigurations = (
				45F27D1E2D4BB5240045747A /* Debug */,
				45F27D1F2D4BB5240045747A /* Release */,
			);
			defaultConfigurationIsVisible = 0;
			defaultConfigurationName = Release;
		};
/* End XCConfigurationList section */
	};
	rootObject = 45F27CE42D4BB5220045747A /* Project object */;
}
